// !$*UTF8*$!
{
	archiveVersion = 1;
	classes = {
	};
	objectVersion = 46;
	objects = {

/* Begin PBXBuildFile section */
		6772756918C72B5800AD7006 /* FluctuationCounter.cpp in Sources */ = {isa = PBXBuildFile; fileRef = 6772756718C72B5800AD7006 /* FluctuationCounter.cpp */; };
		6772756C18C72BF100AD7006 /* modeltool.cpp in Sources */ = {isa = PBXBuildFile; fileRef = 6772756A18C72BF100AD7006 /* modeltool.cpp */; };
		C26B16C818C781FA008BCBB7 /* FluctuationCounter.cpp in Sources */ = {isa = PBXBuildFile; fileRef = 6772756718C72B5800AD7006 /* FluctuationCounter.cpp */; };
		C26B16C918C78203008BCBB7 /* modeltool.cpp in Sources */ = {isa = PBXBuildFile; fileRef = 6772756A18C72BF100AD7006 /* modeltool.cpp */; };
		C2FBFA9E18C635190038813A /* Foundation.framework in Frameworks */ = {isa = PBXBuildFile; fileRef = C2FBFA9D18C635190038813A /* Foundation.framework */; };
		C2FBFAA018C635190038813A /* CoreGraphics.framework in Frameworks */ = {isa = PBXBuildFile; fileRef = C2FBFA9F18C635190038813A /* CoreGraphics.framework */; };
		C2FBFAA218C635190038813A /* UIKit.framework in Frameworks */ = {isa = PBXBuildFile; fileRef = C2FBFAA118C635190038813A /* UIKit.framework */; };
		C2FBFAA818C635190038813A /* InfoPlist.strings in Resources */ = {isa = PBXBuildFile; fileRef = C2FBFAA618C635190038813A /* InfoPlist.strings */; };
		C2FBFAAA18C635190038813A /* main.m in Sources */ = {isa = PBXBuildFile; fileRef = C2FBFAA918C635190038813A /* main.m */; };
		C2FBFAAE18C635190038813A /* AppDelegate.m in Sources */ = {isa = PBXBuildFile; fileRef = C2FBFAAD18C635190038813A /* AppDelegate.m */; };
		C2FBFAB118C635190038813A /* Main_iPhone.storyboard in Resources */ = {isa = PBXBuildFile; fileRef = C2FBFAAF18C635190038813A /* Main_iPhone.storyboard */; };
		C2FBFAB418C635190038813A /* Main_iPad.storyboard in Resources */ = {isa = PBXBuildFile; fileRef = C2FBFAB218C635190038813A /* Main_iPad.storyboard */; };
		C2FBFAB718C635190038813A /* ViewController.mm in Sources */ = {isa = PBXBuildFile; fileRef = C2FBFAB618C635190038813A /* ViewController.mm */; };
		C2FBFAB918C635190038813A /* Images.xcassets in Resources */ = {isa = PBXBuildFile; fileRef = C2FBFAB818C635190038813A /* Images.xcassets */; };
		C2FBFAC018C635190038813A /* XCTest.framework in Frameworks */ = {isa = PBXBuildFile; fileRef = C2FBFABF18C635190038813A /* XCTest.framework */; };
		C2FBFAC118C635190038813A /* Foundation.framework in Frameworks */ = {isa = PBXBuildFile; fileRef = C2FBFA9D18C635190038813A /* Foundation.framework */; };
		C2FBFAC218C635190038813A /* UIKit.framework in Frameworks */ = {isa = PBXBuildFile; fileRef = C2FBFAA118C635190038813A /* UIKit.framework */; };
		C2FBFACA18C635190038813A /* InfoPlist.strings in Resources */ = {isa = PBXBuildFile; fileRef = C2FBFAC818C635190038813A /* InfoPlist.strings */; };
		C2FBFACC18C635190038813A /* TouchTraceTests.mm in Sources */ = {isa = PBXBuildFile; fileRef = C2FBFACB18C635190038813A /* TouchTraceTests.mm */; };
/* End PBXBuildFile section */

/* Begin PBXContainerItemProxy section */
		C2FBFAC318C635190038813A /* PBXContainerItemProxy */ = {
			isa = PBXContainerItemProxy;
			containerPortal = C2FBFA9218C635190038813A /* Project object */;
			proxyType = 1;
			remoteGlobalIDString = C2FBFA9918C635190038813A;
			remoteInfo = TouchTrace;
		};
/* End PBXContainerItemProxy section */

/* Begin PBXFileReference section */
		6772756718C72B5800AD7006 /* FluctuationCounter.cpp */ = {isa = PBXFileReference; fileEncoding = 4; lastKnownFileType = sourcecode.cpp.cpp; path = FluctuationCounter.cpp; sourceTree = "<group>"; };
		6772756818C72B5800AD7006 /* FluctuationCounter.h */ = {isa = PBXFileReference; fileEncoding = 4; lastKnownFileType = sourcecode.c.h; path = FluctuationCounter.h; sourceTree = "<group>"; };
		6772756A18C72BF100AD7006 /* modeltool.cpp */ = {isa = PBXFileReference; fileEncoding = 4; lastKnownFileType = sourcecode.cpp.cpp; path = modeltool.cpp; sourceTree = "<group>"; };
		6772756B18C72BF100AD7006 /* modeltool.h */ = {isa = PBXFileReference; fileEncoding = 4; lastKnownFileType = sourcecode.c.h; path = modeltool.h; sourceTree = "<group>"; };
		6772756D18C72C9C00AD7006 /* ModelType.h */ = {isa = PBXFileReference; fileEncoding = 4; lastKnownFileType = sourcecode.c.h; path = ModelType.h; sourceTree = "<group>"; };
		C2FBFA9A18C635190038813A /* TouchTrace.app */ = {isa = PBXFileReference; explicitFileType = wrapper.application; includeInIndex = 0; path = TouchTrace.app; sourceTree = BUILT_PRODUCTS_DIR; };
		C2FBFA9D18C635190038813A /* Foundation.framework */ = {isa = PBXFileReference; lastKnownFileType = wrapper.framework; name = Foundation.framework; path = System/Library/Frameworks/Foundation.framework; sourceTree = SDKROOT; };
		C2FBFA9F18C635190038813A /* CoreGraphics.framework */ = {isa = PBXFileReference; lastKnownFileType = wrapper.framework; name = CoreGraphics.framework; path = System/Library/Frameworks/CoreGraphics.framework; sourceTree = SDKROOT; };
		C2FBFAA118C635190038813A /* UIKit.framework */ = {isa = PBXFileReference; lastKnownFileType = wrapper.framework; name = UIKit.framework; path = System/Library/Frameworks/UIKit.framework; sourceTree = SDKROOT; };
		C2FBFAA518C635190038813A /* TouchTrace-Info.plist */ = {isa = PBXFileReference; lastKnownFileType = text.plist.xml; path = "TouchTrace-Info.plist"; sourceTree = "<group>"; };
		C2FBFAA718C635190038813A /* en */ = {isa = PBXFileReference; lastKnownFileType = text.plist.strings; name = en; path = en.lproj/InfoPlist.strings; sourceTree = "<group>"; };
		C2FBFAA918C635190038813A /* main.m */ = {isa = PBXFileReference; lastKnownFileType = sourcecode.c.objc; path = main.m; sourceTree = "<group>"; };
		C2FBFAAB18C635190038813A /* TouchTrace-Prefix.pch */ = {isa = PBXFileReference; lastKnownFileType = sourcecode.c.h; path = "TouchTrace-Prefix.pch"; sourceTree = "<group>"; };
		C2FBFAAC18C635190038813A /* AppDelegate.h */ = {isa = PBXFileReference; lastKnownFileType = sourcecode.c.h; path = AppDelegate.h; sourceTree = "<group>"; };
		C2FBFAAD18C635190038813A /* AppDelegate.m */ = {isa = PBXFileReference; lastKnownFileType = sourcecode.c.objc; path = AppDelegate.m; sourceTree = "<group>"; };
		C2FBFAB018C635190038813A /* Base */ = {isa = PBXFileReference; lastKnownFileType = file.storyboard; name = Base; path = Base.lproj/Main_iPhone.storyboard; sourceTree = "<group>"; };
		C2FBFAB318C635190038813A /* Base */ = {isa = PBXFileReference; lastKnownFileType = file.storyboard; name = Base; path = Base.lproj/Main_iPad.storyboard; sourceTree = "<group>"; };
		C2FBFAB518C635190038813A /* ViewController.h */ = {isa = PBXFileReference; lastKnownFileType = sourcecode.c.h; path = ViewController.h; sourceTree = "<group>"; };
		C2FBFAB618C635190038813A /* ViewController.mm */ = {isa = PBXFileReference; lastKnownFileType = sourcecode.cpp.objcpp; path = ViewController.mm; sourceTree = "<group>"; };
		C2FBFAB818C635190038813A /* Images.xcassets */ = {isa = PBXFileReference; lastKnownFileType = folder.assetcatalog; path = Images.xcassets; sourceTree = "<group>"; };
		C2FBFABE18C635190038813A /* TouchTraceTests.xctest */ = {isa = PBXFileReference; explicitFileType = wrapper.cfbundle; includeInIndex = 0; path = TouchTraceTests.xctest; sourceTree = BUILT_PRODUCTS_DIR; };
		C2FBFABF18C635190038813A /* XCTest.framework */ = {isa = PBXFileReference; lastKnownFileType = wrapper.framework; name = XCTest.framework; path = Library/Frameworks/XCTest.framework; sourceTree = DEVELOPER_DIR; };
		C2FBFAC718C635190038813A /* TouchTraceTests-Info.plist */ = {isa = PBXFileReference; lastKnownFileType = text.plist.xml; path = "TouchTraceTests-Info.plist"; sourceTree = "<group>"; };
		C2FBFAC918C635190038813A /* en */ = {isa = PBXFileReference; lastKnownFileType = text.plist.strings; name = en; path = en.lproj/InfoPlist.strings; sourceTree = "<group>"; };
		C2FBFACB18C635190038813A /* TouchTraceTests.mm */ = {isa = PBXFileReference; lastKnownFileType = sourcecode.cpp.objcpp; path = TouchTraceTests.mm; sourceTree = "<group>"; };
/* End PBXFileReference section */

/* Begin PBXFrameworksBuildPhase section */
		C2FBFA9718C635190038813A /* Frameworks */ = {
			isa = PBXFrameworksBuildPhase;
			buildActionMask = 2147483647;
			files = (
				C2FBFAA018C635190038813A /* CoreGraphics.framework in Frameworks */,
				C2FBFAA218C635190038813A /* UIKit.framework in Frameworks */,
				C2FBFA9E18C635190038813A /* Foundation.framework in Frameworks */,
			);
			runOnlyForDeploymentPostprocessing = 0;
		};
		C2FBFABB18C635190038813A /* Frameworks */ = {
			isa = PBXFrameworksBuildPhase;
			buildActionMask = 2147483647;
			files = (
				C2FBFAC018C635190038813A /* XCTest.framework in Frameworks */,
				C2FBFAC218C635190038813A /* UIKit.framework in Frameworks */,
				C2FBFAC118C635190038813A /* Foundation.framework in Frameworks */,
			);
			runOnlyForDeploymentPostprocessing = 0;
		};
/* End PBXFrameworksBuildPhase section */

/* Begin PBXGroup section */
		C2FBFA9118C635190038813A = {
			isa = PBXGroup;
			children = (
				C2FBFAA318C635190038813A /* TouchTrace */,
				C2FBFAC518C635190038813A /* TouchTraceTests */,
				C2FBFA9C18C635190038813A /* Frameworks */,
				C2FBFA9B18C635190038813A /* Products */,
			);
			sourceTree = "<group>";
		};
		C2FBFA9B18C635190038813A /* Products */ = {
			isa = PBXGroup;
			children = (
				C2FBFA9A18C635190038813A /* TouchTrace.app */,
				C2FBFABE18C635190038813A /* TouchTraceTests.xctest */,
			);
			name = Products;
			sourceTree = "<group>";
		};
		C2FBFA9C18C635190038813A /* Frameworks */ = {
			isa = PBXGroup;
			children = (
				C2FBFA9D18C635190038813A /* Foundation.framework */,
				C2FBFA9F18C635190038813A /* CoreGraphics.framework */,
				C2FBFAA118C635190038813A /* UIKit.framework */,
				C2FBFABF18C635190038813A /* XCTest.framework */,
			);
			name = Frameworks;
			sourceTree = "<group>";
		};
		C2FBFAA318C635190038813A /* TouchTrace */ = {
			isa = PBXGroup;
			children = (
				6772756D18C72C9C00AD7006 /* ModelType.h */,
				6772756A18C72BF100AD7006 /* modeltool.cpp */,
				6772756B18C72BF100AD7006 /* modeltool.h */,
				C2FBFAAC18C635190038813A /* AppDelegate.h */,
				C2FBFAAD18C635190038813A /* AppDelegate.m */,
				C2FBFAAF18C635190038813A /* Main_iPhone.storyboard */,
				C2FBFAB218C635190038813A /* Main_iPad.storyboard */,
				C2FBFAB518C635190038813A /* ViewController.h */,
				C2FBFAB618C635190038813A /* ViewController.mm */,
				C2FBFAB818C635190038813A /* Images.xcassets */,
				C2FBFAA418C635190038813A /* Supporting Files */,
				6772756718C72B5800AD7006 /* FluctuationCounter.cpp */,
				6772756818C72B5800AD7006 /* FluctuationCounter.h */,
			);
			path = TouchTrace;
			sourceTree = "<group>";
		};
		C2FBFAA418C635190038813A /* Supporting Files */ = {
			isa = PBXGroup;
			children = (
				C2FBFAA518C635190038813A /* TouchTrace-Info.plist */,
				C2FBFAA618C635190038813A /* InfoPlist.strings */,
				C2FBFAA918C635190038813A /* main.m */,
				C2FBFAAB18C635190038813A /* TouchTrace-Prefix.pch */,
			);
			name = "Supporting Files";
			sourceTree = "<group>";
		};
		C2FBFAC518C635190038813A /* TouchTraceTests */ = {
			isa = PBXGroup;
			children = (
				C2FBFACB18C635190038813A /* TouchTraceTests.mm */,
				C2FBFAC618C635190038813A /* Supporting Files */,
			);
			path = TouchTraceTests;
			sourceTree = "<group>";
		};
		C2FBFAC618C635190038813A /* Supporting Files */ = {
			isa = PBXGroup;
			children = (
				C2FBFAC718C635190038813A /* TouchTraceTests-Info.plist */,
				C2FBFAC818C635190038813A /* InfoPlist.strings */,
			);
			name = "Supporting Files";
			sourceTree = "<group>";
		};
/* End PBXGroup section */

/* Begin PBXNativeTarget section */
		C2FBFA9918C635190038813A /* TouchTrace */ = {
			isa = PBXNativeTarget;
			buildConfigurationList = C2FBFACF18C635190038813A /* Build configuration list for PBXNativeTarget "TouchTrace" */;
			buildPhases = (
				C2FBFA9618C635190038813A /* Sources */,
				C2FBFA9718C635190038813A /* Frameworks */,
				C2FBFA9818C635190038813A /* Resources */,
			);
			buildRules = (
			);
			dependencies = (
			);
			name = TouchTrace;
			productName = TouchTrace;
			productReference = C2FBFA9A18C635190038813A /* TouchTrace.app */;
			productType = "com.apple.product-type.application";
		};
		C2FBFABD18C635190038813A /* TouchTraceTests */ = {
			isa = PBXNativeTarget;
			buildConfigurationList = C2FBFAD218C635190038813A /* Build configuration list for PBXNativeTarget "TouchTraceTests" */;
			buildPhases = (
				C2FBFABA18C635190038813A /* Sources */,
				C2FBFABB18C635190038813A /* Frameworks */,
				C2FBFABC18C635190038813A /* Resources */,
			);
			buildRules = (
			);
			dependencies = (
				C2FBFAC418C635190038813A /* PBXTargetDependency */,
			);
			name = TouchTraceTests;
			productName = TouchTraceTests;
			productReference = C2FBFABE18C635190038813A /* TouchTraceTests.xctest */;
			productType = "com.apple.product-type.bundle.unit-test";
		};
/* End PBXNativeTarget section */

/* Begin PBXProject section */
		C2FBFA9218C635190038813A /* Project object */ = {
			isa = PBXProject;
			attributes = {
				LastUpgradeCheck = 0500;
				ORGANIZATIONNAME = "Nobuhiro Kuroiwa";
				TargetAttributes = {
					C2FBFABD18C635190038813A = {
						TestTargetID = C2FBFA9918C635190038813A;
					};
				};
			};
			buildConfigurationList = C2FBFA9518C635190038813A /* Build configuration list for PBXProject "TouchTrace" */;
			compatibilityVersion = "Xcode 3.2";
			developmentRegion = English;
			hasScannedForEncodings = 0;
			knownRegions = (
				en,
				Base,
			);
			mainGroup = C2FBFA9118C635190038813A;
			productRefGroup = C2FBFA9B18C635190038813A /* Products */;
			projectDirPath = "";
			projectRoot = "";
			targets = (
				C2FBFA9918C635190038813A /* TouchTrace */,
				C2FBFABD18C635190038813A /* TouchTraceTests */,
			);
		};
/* End PBXProject section */

/* Begin PBXResourcesBuildPhase section */
		C2FBFA9818C635190038813A /* Resources */ = {
			isa = PBXResourcesBuildPhase;
			buildActionMask = 2147483647;
			files = (
				C2FBFAB418C635190038813A /* Main_iPad.storyboard in Resources */,
				C2FBFAB918C635190038813A /* Images.xcassets in Resources */,
				C2FBFAB118C635190038813A /* Main_iPhone.storyboard in Resources */,
				C2FBFAA818C635190038813A /* InfoPlist.strings in Resources */,
			);
			runOnlyForDeploymentPostprocessing = 0;
		};
		C2FBFABC18C635190038813A /* Resources */ = {
			isa = PBXResourcesBuildPhase;
			buildActionMask = 2147483647;
			files = (
				C2FBFACA18C635190038813A /* InfoPlist.strings in Resources */,
			);
			runOnlyForDeploymentPostprocessing = 0;
		};
/* End PBXResourcesBuildPhase section */

/* Begin PBXSourcesBuildPhase section */
		C2FBFA9618C635190038813A /* Sources */ = {
			isa = PBXSourcesBuildPhase;
			buildActionMask = 2147483647;
			files = (
				C2FBFAB718C635190038813A /* ViewController.mm in Sources */,
				6772756918C72B5800AD7006 /* FluctuationCounter.cpp in Sources */,
				C2FBFAAE18C635190038813A /* AppDelegate.m in Sources */,
				C2FBFAAA18C635190038813A /* main.m in Sources */,
				6772756C18C72BF100AD7006 /* modeltool.cpp in Sources */,
			);
			runOnlyForDeploymentPostprocessing = 0;
		};
		C2FBFABA18C635190038813A /* Sources */ = {
			isa = PBXSourcesBuildPhase;
			buildActionMask = 2147483647;
			files = (
				C26B16C918C78203008BCBB7 /* modeltool.cpp in Sources */,
				C2FBFACC18C635190038813A /* TouchTraceTests.mm in Sources */,
				C26B16C818C781FA008BCBB7 /* FluctuationCounter.cpp in Sources */,
			);
			runOnlyForDeploymentPostprocessing = 0;
		};
/* End PBXSourcesBuildPhase section */

/* Begin PBXTargetDependency section */
		C2FBFAC418C635190038813A /* PBXTargetDependency */ = {
			isa = PBXTargetDependency;
			target = C2FBFA9918C635190038813A /* TouchTrace */;
			targetProxy = C2FBFAC318C635190038813A /* PBXContainerItemProxy */;
		};
/* End PBXTargetDependency section */

/* Begin PBXVariantGroup section */
		C2FBFAA618C635190038813A /* InfoPlist.strings */ = {
			isa = PBXVariantGroup;
			children = (
				C2FBFAA718C635190038813A /* en */,
			);
			name = InfoPlist.strings;
			sourceTree = "<group>";
		};
		C2FBFAAF18C635190038813A /* Main_iPhone.storyboard */ = {
			isa = PBXVariantGroup;
			children = (
				C2FBFAB018C635190038813A /* Base */,
			);
			name = Main_iPhone.storyboard;
			sourceTree = "<group>";
		};
		C2FBFAB218C635190038813A /* Main_iPad.storyboard */ = {
			isa = PBXVariantGroup;
			children = (
				C2FBFAB318C635190038813A /* Base */,
			);
			name = Main_iPad.storyboard;
			sourceTree = "<group>";
		};
		C2FBFAC818C635190038813A /* InfoPlist.strings */ = {
			isa = PBXVariantGroup;
			children = (
				C2FBFAC918C635190038813A /* en */,
			);
			name = InfoPlist.strings;
			sourceTree = "<group>";
		};
/* End PBXVariantGroup section */

/* Begin XCBuildConfiguration section */
		C2FBFACD18C635190038813A /* Debug */ = {
			isa = XCBuildConfiguration;
			buildSettings = {
				ALWAYS_SEARCH_USER_PATHS = NO;
				ARCHS = "$(ARCHS_STANDARD_INCLUDING_64_BIT)";
				CLANG_CXX_LANGUAGE_STANDARD = "gnu++0x";
				CLANG_CXX_LIBRARY = "libc++";
				CLANG_ENABLE_MODULES = YES;
				CLANG_ENABLE_OBJC_ARC = YES;
				CLANG_WARN_BOOL_CONVERSION = YES;
				CLANG_WARN_CONSTANT_CONVERSION = YES;
				CLANG_WARN_DIRECT_OBJC_ISA_USAGE = YES_ERROR;
				CLANG_WARN_EMPTY_BODY = YES;
				CLANG_WARN_ENUM_CONVERSION = YES;
				CLANG_WARN_INT_CONVERSION = YES;
				CLANG_WARN_OBJC_ROOT_CLASS = YES_ERROR;
				CLANG_WARN__DUPLICATE_METHOD_MATCH = YES;
				"CODE_SIGN_IDENTITY[sdk=iphoneos*]" = "iPhone Developer";
				COPY_PHASE_STRIP = NO;
				GCC_C_LANGUAGE_STANDARD = gnu99;
				GCC_DYNAMIC_NO_PIC = NO;
				GCC_OPTIMIZATION_LEVEL = 0;
				GCC_PREPROCESSOR_DEFINITIONS = (
					"DEBUG=1",
					"$(inherited)",
				);
				GCC_SYMBOLS_PRIVATE_EXTERN = NO;
				GCC_WARN_64_TO_32_BIT_CONVERSION = YES;
				GCC_WARN_ABOUT_RETURN_TYPE = YES_ERROR;
				GCC_WARN_UNDECLARED_SELECTOR = YES;
				GCC_WARN_UNINITIALIZED_AUTOS = YES;
				GCC_WARN_UNUSED_FUNCTION = YES;
				GCC_WARN_UNUSED_VARIABLE = YES;
				IPHONEOS_DEPLOYMENT_TARGET = 7.0;
				ONLY_ACTIVE_ARCH = YES;
				SDKROOT = iphoneos;
				TARGETED_DEVICE_FAMILY = "1,2";
			};
			name = Debug;
		};
		C2FBFACE18C635190038813A /* Release */ = {
			isa = XCBuildConfiguration;
			buildSettings = {
				ALWAYS_SEARCH_USER_PATHS = NO;
				ARCHS = "$(ARCHS_STANDARD_INCLUDING_64_BIT)";
				CLANG_CXX_LANGUAGE_STANDARD = "gnu++0x";
				CLANG_CXX_LIBRARY = "libc++";
				CLANG_ENABLE_MODULES = YES;
				CLANG_ENABLE_OBJC_ARC = YES;
				CLANG_WARN_BOOL_CONVERSION = YES;
				CLANG_WARN_CONSTANT_CONVERSION = YES;
				CLANG_WARN_DIRECT_OBJC_ISA_USAGE = YES_ERROR;
				CLANG_WARN_EMPTY_BODY = YES;
				CLANG_WARN_ENUM_CONVERSION = YES;
				CLANG_WARN_INT_CONVERSION = YES;
				CLANG_WARN_OBJC_ROOT_CLASS = YES_ERROR;
				CLANG_WARN__DUPLICATE_METHOD_MATCH = YES;
				"CODE_SIGN_IDENTITY[sdk=iphoneos*]" = "iPhone Developer";
				COPY_PHASE_STRIP = YES;
				ENABLE_NS_ASSERTIONS = NO;
				GCC_C_LANGUAGE_STANDARD = gnu99;
				GCC_WARN_64_TO_32_BIT_CONVERSION = YES;
				GCC_WARN_ABOUT_RETURN_TYPE = YES_ERROR;
				GCC_WARN_UNDECLARED_SELECTOR = YES;
				GCC_WARN_UNINITIALIZED_AUTOS = YES;
				GCC_WARN_UNUSED_FUNCTION = YES;
				GCC_WARN_UNUSED_VARIABLE = YES;
				IPHONEOS_DEPLOYMENT_TARGET = 7.0;
				SDKROOT = iphoneos;
				TARGETED_DEVICE_FAMILY = "1,2";
				VALIDATE_PRODUCT = YES;
			};
			name = Release;
		};
		C2FBFAD018C635190038813A /* Debug */ = {
			isa = XCBuildConfiguration;
			buildSettings = {
				ASSETCATALOG_COMPILER_APPICON_NAME = AppIcon;
				ASSETCATALOG_COMPILER_LAUNCHIMAGE_NAME = LaunchImage;
				GCC_PRECOMPILE_PREFIX_HEADER = YES;
				GCC_PREFIX_HEADER = "TouchTrace/TouchTrace-Prefix.pch";
				INFOPLIST_FILE = "TouchTrace/TouchTrace-Info.plist";
				PRODUCT_NAME = "$(TARGET_NAME)";
				WRAPPER_EXTENSION = app;
			};
			name = Debug;
		};
		C2FBFAD118C635190038813A /* Release */ = {
			isa = XCBuildConfiguration;
			buildSettings = {
				ASSETCATALOG_COMPILER_APPICON_NAME = AppIcon;
				ASSETCATALOG_COMPILER_LAUNCHIMAGE_NAME = LaunchImage;
				GCC_PRECOMPILE_PREFIX_HEADER = YES;
				GCC_PREFIX_HEADER = "TouchTrace/TouchTrace-Prefix.pch";
				INFOPLIST_FILE = "TouchTrace/TouchTrace-Info.plist";
				PRODUCT_NAME = "$(TARGET_NAME)";
				WRAPPER_EXTENSION = app;
			};
			name = Release;
		};
		C2FBFAD318C635190038813A /* Debug */ = {
			isa = XCBuildConfiguration;
			buildSettings = {
				ARCHS = "$(ARCHS_STANDARD_INCLUDING_64_BIT)";
				BUNDLE_LOADER = "$(BUILT_PRODUCTS_DIR)/TouchTrace.app/TouchTrace";
				FRAMEWORK_SEARCH_PATHS = (
					"$(SDKROOT)/Developer/Library/Frameworks",
					"$(inherited)",
					"$(DEVELOPER_FRAMEWORKS_DIR)",
				);
				GCC_PRECOMPILE_PREFIX_HEADER = YES;
				GCC_PREFIX_HEADER = "TouchTrace/TouchTrace-Prefix.pch";
				GCC_PREPROCESSOR_DEFINITIONS = (
					"DEBUG=1",
					"$(inherited)",
				);
				INFOPLIST_FILE = "TouchTraceTests/TouchTraceTests-Info.plist";
				PRODUCT_NAME = "$(TARGET_NAME)";
				TEST_HOST = "$(BUNDLE_LOADER)";
				WRAPPER_EXTENSION = xctest;
			};
			name = Debug;
		};
		C2FBFAD418C635190038813A /* Release */ = {
			isa = XCBuildConfiguration;
			buildSettings = {
				ARCHS = "$(ARCHS_STANDARD_INCLUDING_64_BIT)";
				BUNDLE_LOADER = "$(BUILT_PRODUCTS_DIR)/TouchTrace.app/TouchTrace";
				FRAMEWORK_SEARCH_PATHS = (
					"$(SDKROOT)/Developer/Library/Frameworks",
					"$(inherited)",
					"$(DEVELOPER_FRAMEWORKS_DIR)",
				);
				GCC_PRECOMPILE_PREFIX_HEADER = YES;
				GCC_PREFIX_HEADER = "TouchTrace/TouchTrace-Prefix.pch";
				INFOPLIST_FILE = "TouchTraceTests/TouchTraceTests-Info.plist";
				PRODUCT_NAME = "$(TARGET_NAME)";
				TEST_HOST = "$(BUNDLE_LOADER)";
				WRAPPER_EXTENSION = xctest;
			};
			name = Release;
		};
/* End XCBuildConfiguration section */

/* Begin XCConfigurationList section */
		C2FBFA9518C635190038813A /* Build configuration list for PBXProject "TouchTrace" */ = {
			isa = XCConfigurationList;
			buildConfigurations = (
				C2FBFACD18C635190038813A /* Debug */,
				C2FBFACE18C635190038813A /* Release */,
			);
			defaultConfigurationIsVisible = 0;
			defaultConfigurationName = Release;
		};
		C2FBFACF18C635190038813A /* Build configuration list for PBXNativeTarget "TouchTrace" */ = {
			isa = XCConfigurationList;
			buildConfigurations = (
				C2FBFAD018C635190038813A /* Debug */,
				C2FBFAD118C635190038813A /* Release */,
			);
			defaultConfigurationIsVisible = 0;
			defaultConfigurationName = Release;
		};
		C2FBFAD218C635190038813A /* Build configuration list for PBXNativeTarget "TouchTraceTests" */ = {
			isa = XCConfigurationList;
			buildConfigurations = (
				C2FBFAD318C635190038813A /* Debug */,
				C2FBFAD418C635190038813A /* Release */,
			);
			defaultConfigurationIsVisible = 0;
			defaultConfigurationName = Release;
		};
/* End XCConfigurationList section */
	};
	rootObject = C2FBFA9218C635190038813A /* Project object */;
}
